
Microsoft Visual Studio Solution File, Format Version 12.00
# Visual Studio Version 16
VisualStudioVersion = 16.0.28803.202
MinimumVisualStudioVersion = 10.0.40219.1
Project("{FAE04EC0-301F-11D3-BF4B-00C04F79EFBC}") = "NewClientIntakeForm", "NewClientIntakeForm\NewClientIntakeForm.csproj", "{7A402F42-99B4-44D9-995E-B972D637528F}"
EndProject
Global
	GlobalSection(SolutionConfigurationPlatforms) = preSolution
		Debug|Any CPU = Debug|Any CPU
		Release|Any CPU = Release|Any CPU
	EndGlobalSection
	GlobalSection(ProjectConfigurationPlatforms) = postSolution
		{7A402F42-99B4-44D9-995E-B972D637528F}.Debug|Any CPU.ActiveCfg = Debug|Any CPU
		{7A402F42-99B4-44D9-995E-B972D637528F}.Debug|Any CPU.Build.0 = Debug|Any CPU
		{7A402F42-99B4-44D9-995E-B972D637528F}.Release|Any CPU.ActiveCfg = Release|Any CPU
		{7A402F42-99B4-44D9-995E-B972D637528F}.Release|Any CPU.Build.0 = Release|Any CPU
	EndGlobalSection
	GlobalSection(SolutionProperties) = preSolution
		HideSolutionNode = FALSE
	EndGlobalSection
	GlobalSection(ExtensibilityGlobals) = postSolution
		SolutionGuid = {E53ED51D-7EFC-4C58-8A1B-27A24B8AE682}
	EndGlobalSection
EndGlobal
